// !$*UTF8*$!
{
	archiveVersion = 1;
	classes = {
	};
	objectVersion = 46;
	objects = {

/* Begin PBXBuildFile section */
		335E49AE1DFA29470004153F /* Chocolate Factory.framework in Frameworks */ = {isa = PBXBuildFile; fileRef = 335E49A41DFA29470004153F /* Chocolate Factory.framework */; };
		335E49B31DFA29470004153F /* Chocolate_FactoryTests.swift in Sources */ = {isa = PBXBuildFile; fileRef = 335E49B21DFA29470004153F /* Chocolate_FactoryTests.swift */; };
		335E49B51DFA29470004153F /* Chocolate Factory.h in Headers */ = {isa = PBXBuildFile; fileRef = 335E49A71DFA29470004153F /* Chocolate Factory.h */; settings = {ATTRIBUTES = (Public, ); }; };
/* End PBXBuildFile section */

/* Begin PBXContainerItemProxy section */
		335E49AF1DFA29470004153F /* PBXContainerItemProxy */ = {
			isa = PBXContainerItemProxy;
			containerPortal = 335E499B1DFA29460004153F /* Project object */;
			proxyType = 1;
			remoteGlobalIDString = 335E49A31DFA29460004153F;
			remoteInfo = "Chocolate Factory";
		};
/* End PBXContainerItemProxy section */

/* Begin PBXFileReference section */
		335E49A41DFA29470004153F /* Chocolate Factory.framework */ = {isa = PBXFileReference; explicitFileType = wrapper.framework; includeInIndex = 0; path = "Chocolate Factory.framework"; sourceTree = BUILT_PRODUCTS_DIR; };
		335E49A71DFA29470004153F /* Chocolate Factory.h */ = {isa = PBXFileReference; lastKnownFileType = sourcecode.c.h; path = "Chocolate Factory.h"; sourceTree = "<group>"; };
		335E49A81DFA29470004153F /* Info.plist */ = {isa = PBXFileReference; lastKnownFileType = text.plist.xml; path = Info.plist; sourceTree = "<group>"; };
		335E49AD1DFA29470004153F /* Chocolate FactoryTests.xctest */ = {isa = PBXFileReference; explicitFileType = wrapper.cfbundle; includeInIndex = 0; path = "Chocolate FactoryTests.xctest"; sourceTree = BUILT_PRODUCTS_DIR; };
		335E49B21DFA29470004153F /* Chocolate_FactoryTests.swift */ = {isa = PBXFileReference; lastKnownFileType = sourcecode.swift; path = Chocolate_FactoryTests.swift; sourceTree = "<group>"; };
		335E49B41DFA29470004153F /* Info.plist */ = {isa = PBXFileReference; lastKnownFileType = text.plist.xml; path = Info.plist; sourceTree = "<group>"; };
/* End PBXFileReference section */

/* Begin PBXFrameworksBuildPhase section */
		335E49A01DFA29460004153F /* Frameworks */ = {
			isa = PBXFrameworksBuildPhase;
			buildActionMask = 2147483647;
			files = (
			);
			runOnlyForDeploymentPostprocessing = 0;
		};
		335E49AA1DFA29470004153F /* Frameworks */ = {
			isa = PBXFrameworksBuildPhase;
			buildActionMask = 2147483647;
			files = (
				335E49AE1DFA29470004153F /* Chocolate Factory.framework in Frameworks */,
			);
			runOnlyForDeploymentPostprocessing = 0;
		};
/* End PBXFrameworksBuildPhase section */

/* Begin PBXGroup section */
		335E499A1DFA29460004153F = {
			isa = PBXGroup;
			children = (
				335E49A61DFA29470004153F /* Chocolate Factory */,
				335E49B11DFA29470004153F /* Chocolate FactoryTests */,
				335E49A51DFA29470004153F /* Products */,
			);
			sourceTree = "<group>";
		};
		335E49A51DFA29470004153F /* Products */ = {
			isa = PBXGroup;
			children = (
				335E49A41DFA29470004153F /* Chocolate Factory.framework */,
				335E49AD1DFA29470004153F /* Chocolate FactoryTests.xctest */,
			);
			name = Products;
			sourceTree = "<group>";
		};
		335E49A61DFA29470004153F /* Chocolate Factory */ = {
			isa = PBXGroup;
			children = (
				335E49A71DFA29470004153F /* Chocolate Factory.h */,
				335E49A81DFA29470004153F /* Info.plist */,
			);
			path = "Chocolate Factory";
			sourceTree = "<group>";
		};
		335E49B11DFA29470004153F /* Chocolate FactoryTests */ = {
			isa = PBXGroup;
			children = (
				335E49B21DFA29470004153F /* Chocolate_FactoryTests.swift */,
				335E49B41DFA29470004153F /* Info.plist */,
			);
			path = "Chocolate FactoryTests";
			sourceTree = "<group>";
		};
/* End PBXGroup section */

/* Begin PBXHeadersBuildPhase section */
		335E49A11DFA29460004153F /* Headers */ = {
			isa = PBXHeadersBuildPhase;
			buildActionMask = 2147483647;
			files = (
				335E49B51DFA29470004153F /* Chocolate Factory.h in Headers */,
			);
			runOnlyForDeploymentPostprocessing = 0;
		};
/* End PBXHeadersBuildPhase section */

/* Begin PBXNativeTarget section */
		335E49A31DFA29460004153F /* Chocolate Factory */ = {
			isa = PBXNativeTarget;
			buildConfigurationList = 335E49B81DFA29470004153F /* Build configuration list for PBXNativeTarget "Chocolate Factory" */;
			buildPhases = (
				335E499F1DFA29460004153F /* Sources */,
				335E49A01DFA29460004153F /* Frameworks */,
				335E49A11DFA29460004153F /* Headers */,
				335E49A21DFA29460004153F /* Resources */,
			);
			buildRules = (
			);
			dependencies = (
			);
			name = "Chocolate Factory";
			productName = "Chocolate Factory";
			productReference = 335E49A41DFA29470004153F /* Chocolate Factory.framework */;
			productType = "com.apple.product-type.framework";
		};
		335E49AC1DFA29470004153F /* Chocolate FactoryTests */ = {
			isa = PBXNativeTarget;
			buildConfigurationList = 335E49BB1DFA29470004153F /* Build configuration list for PBXNativeTarget "Chocolate FactoryTests" */;
			buildPhases = (
				335E49A91DFA29470004153F /* Sources */,
				335E49AA1DFA29470004153F /* Frameworks */,
				335E49AB1DFA29470004153F /* Resources */,
			);
			buildRules = (
			);
			dependencies = (
				335E49B01DFA29470004153F /* PBXTargetDependency */,
			);
			name = "Chocolate FactoryTests";
			productName = "Chocolate FactoryTests";
			productReference = 335E49AD1DFA29470004153F /* Chocolate FactoryTests.xctest */;
			productType = "com.apple.product-type.bundle.unit-test";
		};
/* End PBXNativeTarget section */

/* Begin PBXProject section */
		335E499B1DFA29460004153F /* Project object */ = {
			isa = PBXProject;
			attributes = {
				LastSwiftUpdateCheck = 0810;
				LastUpgradeCheck = 0810;
				ORGANIZATIONNAME = com.rsampdev;
				TargetAttributes = {
					335E49A31DFA29460004153F = {
						CreatedOnToolsVersion = 8.1;
						DevelopmentTeam = QPX29C6Z92;
						ProvisioningStyle = Automatic;
					};
					335E49AC1DFA29470004153F = {
						CreatedOnToolsVersion = 8.1;
						DevelopmentTeam = QPX29C6Z92;
						ProvisioningStyle = Automatic;
					};
				};
			};
			buildConfigurationList = 335E499E1DFA29460004153F /* Build configuration list for PBXProject "Chocolate Factory" */;
			compatibilityVersion = "Xcode 3.2";
			developmentRegion = English;
			hasScannedForEncodings = 0;
			knownRegions = (
				en,
			);
			mainGroup = 335E499A1DFA29460004153F;
			productRefGroup = 335E49A51DFA29470004153F /* Products */;
			projectDirPath = "";
			projectRoot = "";
			targets = (
				335E49A31DFA29460004153F /* Chocolate Factory */,
				335E49AC1DFA29470004153F /* Chocolate FactoryTests */,
			);
		};
/* End PBXProject section */

/* Begin PBXResourcesBuildPhase section */
		335E49A21DFA29460004153F /* Resources */ = {
			isa = PBXResourcesBuildPhase;
			buildActionMask = 2147483647;
			files = (
			);
			runOnlyForDeploymentPostprocessing = 0;
		};
		335E49AB1DFA29470004153F /* Resources */ = {
			isa = PBXResourcesBuildPhase;
			buildActionMask = 2147483647;
			files = (
			);
			runOnlyForDeploymentPostprocessing = 0;
		};
/* End PBXResourcesBuildPhase section */

/* Begin PBXSourcesBuildPhase section */
		335E499F1DFA29460004153F /* Sources */ = {
			isa = PBXSourcesBuildPhase;
			buildActionMask = 2147483647;
			files = (
			);
			runOnlyForDeploymentPostprocessing = 0;
		};
		335E49A91DFA29470004153F /* Sources */ = {
			isa = PBXSourcesBuildPhase;
			buildActionMask = 2147483647;
			files = (
				335E49B31DFA29470004153F /* Chocolate_FactoryTests.swift in Sources */,
			);
			runOnlyForDeploymentPostprocessing = 0;
		};
/* End PBXSourcesBuildPhase section */

/* Begin PBXTargetDependency section */
		335E49B01DFA29470004153F /* PBXTargetDependency */ = {
			isa = PBXTargetDependency;
			target = 335E49A31DFA29460004153F /* Chocolate Factory */;
			targetProxy = 335E49AF1DFA29470004153F /* PBXContainerItemProxy */;
		};
/* End PBXTargetDependency section */

/* Begin XCBuildConfiguration section */
		335E49B61DFA29470004153F /* Debug */ = {
			isa = XCBuildConfiguration;
			buildSettings = {
				ALWAYS_SEARCH_USER_PATHS = NO;
				CLANG_ANALYZER_NONNULL = YES;
				CLANG_CXX_LANGUAGE_STANDARD = "gnu++0x";
				CLANG_CXX_LIBRARY = "libc++";
				CLANG_ENABLE_MODULES = YES;
				CLANG_ENABLE_OBJC_ARC = YES;
				CLANG_WARN_BOOL_CONVERSION = YES;
				CLANG_WARN_CONSTANT_CONVERSION = YES;
				CLANG_WARN_DIRECT_OBJC_ISA_USAGE = YES_ERROR;
				CLANG_WARN_DOCUMENTATION_COMMENTS = YES;
				CLANG_WARN_EMPTY_BODY = YES;
				CLANG_WARN_ENUM_CONVERSION = YES;
				CLANG_WARN_INFINITE_RECURSION = YES;
				CLANG_WARN_INT_CONVERSION = YES;
				CLANG_WARN_OBJC_ROOT_CLASS = YES_ERROR;
				CLANG_WARN_SUSPICIOUS_MOVES = YES;
				CLANG_WARN_UNREACHABLE_CODE = YES;
				CLANG_WARN__DUPLICATE_METHOD_MATCH = YES;
				"CODE_SIGN_IDENTITY[sdk=iphoneos*]" = "iPhone Developer";
				COPY_PHASE_STRIP = NO;
				CURRENT_PROJECT_VERSION = 1;
				DEBUG_INFORMATION_FORMAT = dwarf;
				ENABLE_STRICT_OBJC_MSGSEND = YES;
				ENABLE_TESTABILITY = YES;
				GCC_C_LANGUAGE_STANDARD = gnu99;
				GCC_DYNAMIC_NO_PIC = NO;
				GCC_NO_COMMON_BLOCKS = YES;
				GCC_OPTIMIZATION_LEVEL = 0;
				GCC_PREPROCESSOR_DEFINITIONS = (
					"DEBUG=1",
					"$(inherited)",
				);
				GCC_WARN_64_TO_32_BIT_CONVERSION = YES;
				GCC_WARN_ABOUT_RETURN_TYPE = YES_ERROR;
				GCC_WARN_UNDECLARED_SELECTOR = YES;
				GCC_WARN_UNINITIALIZED_AUTOS = YES_AGGRESSIVE;
				GCC_WARN_UNUSED_FUNCTION = YES;
				GCC_WARN_UNUSED_VARIABLE = YES;
				IPHONEOS_DEPLOYMENT_TARGET = 10.1;
				MTL_ENABLE_DEBUG_INFO = YES;
				ONLY_ACTIVE_ARCH = YES;
				SDKROOT = iphoneos;
				SWIFT_ACTIVE_COMPILATION_CONDITIONS = DEBUG;
				SWIFT_OPTIMIZATION_LEVEL = "-Onone";
				TARGETED_DEVICE_FAMILY = "1,2";
				VERSIONING_SYSTEM = "apple-generic";
				VERSION_INFO_PREFIX = "";
			};
			name = Debug;
		};
		335E49B71DFA29470004153F /* Release */ = {
			isa = XCBuildConfiguration;
			buildSettings = {
				ALWAYS_SEARCH_USER_PATHS = NO;
				CLANG_ANALYZER_NONNULL = YES;
				CLANG_CXX_LANGUAGE_STANDARD = "gnu++0x";
				CLANG_CXX_LIBRARY = "libc++";
				CLANG_ENABLE_MODULES = YES;
				CLANG_ENABLE_OBJC_ARC = YES;
				CLANG_WARN_BOOL_CONVERSION = YES;
				CLANG_WARN_CONSTANT_CONVERSION = YES;
				CLANG_WARN_DIRECT_OBJC_ISA_USAGE = YES_ERROR;
				CLANG_WARN_DOCUMENTATION_COMMENTS = YES;
				CLANG_WARN_EMPTY_BODY = YES;
				CLANG_WARN_ENUM_CONVERSION = YES;
				CLANG_WARN_INFINITE_RECURSION = YES;
				CLANG_WARN_INT_CONVERSION = YES;
				CLANG_WARN_OBJC_ROOT_CLASS = YES_ERROR;
				CLANG_WARN_SUSPICIOUS_MOVES = YES;
				CLANG_WARN_UNREACHABLE_CODE = YES;
				CLANG_WARN__DUPLICATE_METHOD_MATCH = YES;
				"CODE_SIGN_IDENTITY[sdk=iphoneos*]" = "iPhone Developer";
				COPY_PHASE_STRIP = NO;
				CURRENT_PROJECT_VERSION = 1;
				DEBUG_INFORMATION_FORMAT = "dwarf-with-dsym";
				ENABLE_NS_ASSERTIONS = NO;
				ENABLE_STRICT_OBJC_MSGSEND = YES;
				GCC_C_LANGUAGE_STANDARD = gnu99;
				GCC_NO_COMMON_BLOCKS = YES;
				GCC_WARN_64_TO_32_BIT_CONVERSION = YES;
				GCC_WARN_ABOUT_RETURN_TYPE = YES_ERROR;
				GCC_WARN_UNDECLARED_SELECTOR = YES;
				GCC_WARN_UNINITIALIZED_AUTOS = YES_AGGRESSIVE;
				GCC_WARN_UNUSED_FUNCTION = YES;
				GCC_WARN_UNUSED_VARIABLE = YES;
				IPHONEOS_DEPLOYMENT_TARGET = 10.1;
				MTL_ENABLE_DEBUG_INFO = NO;
				SDKROOT = iphoneos;
				SWIFT_OPTIMIZATION_LEVEL = "-Owholemodule";
				TARGETED_DEVICE_FAMILY = "1,2";
				VALIDATE_PRODUCT = YES;
				VERSIONING_SYSTEM = "apple-generic";
				VERSION_INFO_PREFIX = "";
			};
			name = Release;
		};
		335E49B91DFA29470004153F /* Debug */ = {
			isa = XCBuildConfiguration;
			buildSettings = {
				CODE_SIGN_IDENTITY = "";
				DEFINES_MODULE = YES;
				DEVELOPMENT_TEAM = QPX29C6Z92;
				DYLIB_COMPATIBILITY_VERSION = 1;
				DYLIB_CURRENT_VERSION = 1;
				DYLIB_INSTALL_NAME_BASE = "@rpath";
				INFOPLIST_FILE = "Chocolate Factory/Info.plist";
				INSTALL_PATH = "$(LOCAL_LIBRARY_DIR)/Frameworks";
				LD_RUNPATH_SEARCH_PATHS = "$(inherited) @executable_path/Frameworks @loader_path/Frameworks";
				PRODUCT_BUNDLE_IDENTIFIER = "com.rsampdev.Chocolate-Factory";
				PRODUCT_NAME = "$(TARGET_NAME)";
				SKIP_INSTALL = YES;
				SWIFT_VERSION = 3.0;
			};
			name = Debug;
		};
		335E49BA1DFA29470004153F /* Release */ = {
			isa = XCBuildConfiguration;
			buildSettings = {
				CODE_SIGN_IDENTITY = "";
				DEFINES_MODULE = YES;
				DEVELOPMENT_TEAM = QPX29C6Z92;
				DYLIB_COMPATIBILITY_VERSION = 1;
				DYLIB_CURRENT_VERSION = 1;
				DYLIB_INSTALL_NAME_BASE = "@rpath";
				INFOPLIST_FILE = "Chocolate Factory/Info.plist";
				INSTALL_PATH = "$(LOCAL_LIBRARY_DIR)/Frameworks";
				LD_RUNPATH_SEARCH_PATHS = "$(inherited) @executable_path/Frameworks @loader_path/Frameworks";
				PRODUCT_BUNDLE_IDENTIFIER = "com.rsampdev.Chocolate-Factory";
				PRODUCT_NAME = "$(TARGET_NAME)";
				SKIP_INSTALL = YES;
				SWIFT_VERSION = 3.0;
			};
			name = Release;
		};
		335E49BC1DFA29470004153F /* Debug */ = {
			isa = XCBuildConfiguration;
			buildSettings = {
				DEVELOPMENT_TEAM = QPX29C6Z92;
				INFOPLIST_FILE = "Chocolate FactoryTests/Info.plist";
				LD_RUNPATH_SEARCH_PATHS = "$(inherited) @executable_path/Frameworks @loader_path/Frameworks";
				PRODUCT_BUNDLE_IDENTIFIER = "com.rsampdev.Chocolate-FactoryTests";
				PRODUCT_NAME = "$(TARGET_NAME)";
				SWIFT_VERSION = 3.0;
			};
			name = Debug;
		};
		335E49BD1DFA29470004153F /* Release */ = {
			isa = XCBuildConfiguration;
			buildSettings = {
				DEVELOPMENT_TEAM = QPX29C6Z92;
				INFOPLIST_FILE = "Chocolate FactoryTests/Info.plist";
				LD_RUNPATH_SEARCH_PATHS = "$(inherited) @executable_path/Frameworks @loader_path/Frameworks";
				PRODUCT_BUNDLE_IDENTIFIER = "com.rsampdev.Chocolate-FactoryTests";
				PRODUCT_NAME = "$(TARGET_NAME)";
				SWIFT_VERSION = 3.0;
			};
			name = Release;
		};
/* End XCBuildConfiguration section */

/* Begin XCConfigurationList section */
		335E499E1DFA29460004153F /* Build configuration list for PBXProject "Chocolate Factory" */ = {
			isa = XCConfigurationList;
			buildConfigurations = (
				335E49B61DFA29470004153F /* Debug */,
				335E49B71DFA29470004153F /* Release */,
			);
			defaultConfigurationIsVisible = 0;
			defaultConfigurationName = Release;
		};
		335E49B81DFA29470004153F /* Build configuration list for PBXNativeTarget "Chocolate Factory" */ = {
			isa = XCConfigurationList;
			buildConfigurations = (
				335E49B91DFA29470004153F /* Debug */,
				335E49BA1DFA29470004153F /* Release */,
			);
			defaultConfigurationIsVisible = 0;
		};
		335E49BB1DFA29470004153F /* Build configuration list for PBXNativeTarget "Chocolate FactoryTests" */ = {
			isa = XCConfigurationList;
			buildConfigurations = (
				335E49BC1DFA29470004153F /* Debug */,
				335E49BD1DFA29470004153F /* Release */,
			);
			defaultConfigurationIsVisible = 0;
		};
/* End XCConfigurationList section */
	};
	rootObject = 335E499B1DFA29460004153F /* Project object */;
}
